
Microsoft Visual Studio Solution File, Format Version 12.00
Project("{FAE04EC0-301F-11D3-BF4B-00C04F79EFBC}") = "Api", "Api\Api.csproj", "{BDC32D91-D7F9-45E9-BC15-833A1BFED736}"
EndProject
Global
	GlobalSection(SolutionConfigurationPlatforms) = preSolution
		Debug|Any CPU = Debug|Any CPU
		Release|Any CPU = Release|Any CPU
	EndGlobalSection
	GlobalSection(ProjectConfigurationPlatforms) = postSolution
		{BDC32D91-D7F9-45E9-BC15-833A1BFED736}.Debug|Any CPU.ActiveCfg = Debug|Any CPU
		{BDC32D91-D7F9-45E9-BC15-833A1BFED736}.Debug|Any CPU.Build.0 = Debug|Any CPU
		{BDC32D91-D7F9-45E9-BC15-833A1BFED736}.Release|Any CPU.ActiveCfg = Release|Any CPU
		{BDC32D91-D7F9-45E9-BC15-833A1BFED736}.Release|Any CPU.Build.0 = Release|Any CPU
	EndGlobalSection
EndGlobal
